
Microsoft Visual Studio Solution File, Format Version 11.00
# Visual Studio 2010
Project("{FAE04EC0-301F-11D3-BF4B-00C04F79EFBC}") = "Assembly-CSharp", "Assembly-CSharp.csproj", "{3761202E-52AF-031F-CA3F-FB70AD93475A}"
EndProject
Project("{FAE04EC0-301F-11D3-BF4B-00C04F79EFBC}") = "VRM", "VRM.csproj", "{FBF46398-7C81-BA77-4022-46D58A851587}"
EndProject
Project("{FAE04EC0-301F-11D3-BF4B-00C04F79EFBC}") = "UniJSON", "UniJSON.csproj", "{86A64970-DE58-7816-1330-4591EA7E8D0D}"
EndProject
Project("{FAE04EC0-301F-11D3-BF4B-00C04F79EFBC}") = "DepthFirstScheduler", "DepthFirstScheduler.csproj", "{BC9A1583-89E7-8FD4-2758-69BF8BC63FAA}"
EndProject
Project("{FAE04EC0-301F-11D3-BF4B-00C04F79EFBC}") = "MToon", "MToon.csproj", "{AAAB54F9-A2B9-D2CC-FB47-A6261F395521}"
EndProject
Project("{FAE04EC0-301F-11D3-BF4B-00C04F79EFBC}") = "UniHumanoid", "UniHumanoid.csproj", "{52D8BDA2-3E74-ACF4-431C-F0F2A67BA15D}"
EndProject
Project("{FAE04EC0-301F-11D3-BF4B-00C04F79EFBC}") = "ShaderProperty.Runtime", "ShaderProperty.Runtime.csproj", "{20ADB778-0C8D-02D8-FD13-46FB6C26A382}"
EndProject
Project("{FAE04EC0-301F-11D3-BF4B-00C04F79EFBC}") = "UniUnlit", "UniUnlit.csproj", "{2D63BF5B-E0F4-0913-B76D-E1F4B11D20F3}"
EndProject
Project("{FAE04EC0-301F-11D3-BF4B-00C04F79EFBC}") = "UniJSON.Editor.Tests", "UniJSON.Editor.Tests.csproj", "{5CD66FE3-3AD0-AABE-27ED-07BF0C2777BC}"
EndProject
Project("{FAE04EC0-301F-11D3-BF4B-00C04F79EFBC}") = "UniVRM.Editor", "UniVRM.Editor.csproj", "{697F04FA-BD6E-C596-C346-92847CF1367C}"
EndProject
Project("{FAE04EC0-301F-11D3-BF4B-00C04F79EFBC}") = "UniHumanoid.Editor", "UniHumanoid.Editor.csproj", "{C6A17DCB-A376-1AB1-C95E-CB728BF63C9F}"
EndProject
Project("{FAE04EC0-301F-11D3-BF4B-00C04F79EFBC}") = "UniGLTF.Editor.Tests", "UniGLTF.Editor.Tests.csproj", "{F39ABAC1-7B19-3CD0-17FF-E4DB670D8F14}"
EndProject
Project("{FAE04EC0-301F-11D3-BF4B-00C04F79EFBC}") = "UniGLTF.Editor", "UniGLTF.Editor.csproj", "{A6684517-353B-67FF-C206-B3E17536A502}"
EndProject
Project("{FAE04EC0-301F-11D3-BF4B-00C04F79EFBC}") = "UniVRM.Editor.Tests", "UniVRM.Editor.Tests.csproj", "{534157E7-7145-93A3-DCDB-00B3D1535768}"
EndProject
Project("{FAE04EC0-301F-11D3-BF4B-00C04F79EFBC}") = "UniUnlit.Editor", "UniUnlit.Editor.csproj", "{B594E08F-A667-56F2-E76D-EF6257490BEB}"
EndProject
Project("{FAE04EC0-301F-11D3-BF4B-00C04F79EFBC}") = "ShaderProperty.Editor", "ShaderProperty.Editor.csproj", "{02BBB824-597D-EE37-18C9-F2D6F23EC0CB}"
EndProject
Project("{FAE04EC0-301F-11D3-BF4B-00C04F79EFBC}") = "MToon.Editor", "MToon.Editor.csproj", "{6B1F3AC0-7C61-F99F-02FB-28AFCEAB5E6B}"
EndProject
Project("{FAE04EC0-301F-11D3-BF4B-00C04F79EFBC}") = "DepthFirstScheduler.Editor.Tests", "DepthFirstScheduler.Editor.Tests.csproj", "{E0551015-FBC9-005E-D6A0-89A8923AE2E1}"
EndProject
Project("{FAE04EC0-301F-11D3-BF4B-00C04F79EFBC}") = "UniHumanoid.Editor.Tests", "UniHumanoid.Editor.Tests.csproj", "{B368DBB0-211E-17E0-F16D-031E73874ECA}"
EndProject
Global
	GlobalSection(SolutionConfigurationPlatforms) = preSolution
		Debug|Any CPU = Debug|Any CPU
		Release|Any CPU = Release|Any CPU
	EndGlobalSection
	GlobalSection(ProjectConfigurationPlatforms) = postSolution
		{3761202E-52AF-031F-CA3F-FB70AD93475A}.Debug|Any CPU.ActiveCfg = Debug|Any CPU
		{3761202E-52AF-031F-CA3F-FB70AD93475A}.Debug|Any CPU.Build.0 = Debug|Any CPU
		{3761202E-52AF-031F-CA3F-FB70AD93475A}.Release|Any CPU.ActiveCfg = Release|Any CPU
		{3761202E-52AF-031F-CA3F-FB70AD93475A}.Release|Any CPU.Build.0 = Release|Any CPU
		{FBF46398-7C81-BA77-4022-46D58A851587}.Debug|Any CPU.ActiveCfg = Debug|Any CPU
		{FBF46398-7C81-BA77-4022-46D58A851587}.Debug|Any CPU.Build.0 = Debug|Any CPU
		{FBF46398-7C81-BA77-4022-46D58A851587}.Release|Any CPU.ActiveCfg = Release|Any CPU
		{FBF46398-7C81-BA77-4022-46D58A851587}.Release|Any CPU.Build.0 = Release|Any CPU
		{86A64970-DE58-7816-1330-4591EA7E8D0D}.Debug|Any CPU.ActiveCfg = Debug|Any CPU
		{86A64970-DE58-7816-1330-4591EA7E8D0D}.Debug|Any CPU.Build.0 = Debug|Any CPU
		{86A64970-DE58-7816-1330-4591EA7E8D0D}.Release|Any CPU.ActiveCfg = Release|Any CPU
		{86A64970-DE58-7816-1330-4591EA7E8D0D}.Release|Any CPU.Build.0 = Release|Any CPU
		{BC9A1583-89E7-8FD4-2758-69BF8BC63FAA}.Debug|Any CPU.ActiveCfg = Debug|Any CPU
		{BC9A1583-89E7-8FD4-2758-69BF8BC63FAA}.Debug|Any CPU.Build.0 = Debug|Any CPU
		{BC9A1583-89E7-8FD4-2758-69BF8BC63FAA}.Release|Any CPU.ActiveCfg = Release|Any CPU
		{BC9A1583-89E7-8FD4-2758-69BF8BC63FAA}.Release|Any CPU.Build.0 = Release|Any CPU
		{AAAB54F9-A2B9-D2CC-FB47-A6261F395521}.Debug|Any CPU.ActiveCfg = Debug|Any CPU
		{AAAB54F9-A2B9-D2CC-FB47-A6261F395521}.Debug|Any CPU.Build.0 = Debug|Any CPU
		{AAAB54F9-A2B9-D2CC-FB47-A6261F395521}.Release|Any CPU.ActiveCfg = Release|Any CPU
		{AAAB54F9-A2B9-D2CC-FB47-A6261F395521}.Release|Any CPU.Build.0 = Release|Any CPU
		{52D8BDA2-3E74-ACF4-431C-F0F2A67BA15D}.Debug|Any CPU.ActiveCfg = Debug|Any CPU
		{52D8BDA2-3E74-ACF4-431C-F0F2A67BA15D}.Debug|Any CPU.Build.0 = Debug|Any CPU
		{52D8BDA2-3E74-ACF4-431C-F0F2A67BA15D}.Release|Any CPU.ActiveCfg = Release|Any CPU
		{52D8BDA2-3E74-ACF4-431C-F0F2A67BA15D}.Release|Any CPU.Build.0 = Release|Any CPU
		{20ADB778-0C8D-02D8-FD13-46FB6C26A382}.Debug|Any CPU.ActiveCfg = Debug|Any CPU
		{20ADB778-0C8D-02D8-FD13-46FB6C26A382}.Debug|Any CPU.Build.0 = Debug|Any CPU
		{20ADB778-0C8D-02D8-FD13-46FB6C26A382}.Release|Any CPU.ActiveCfg = Release|Any CPU
		{20ADB778-0C8D-02D8-FD13-46FB6C26A382}.Release|Any CPU.Build.0 = Release|Any CPU
		{2D63BF5B-E0F4-0913-B76D-E1F4B11D20F3}.Debug|Any CPU.ActiveCfg = Debug|Any CPU
		{2D63BF5B-E0F4-0913-B76D-E1F4B11D20F3}.Debug|Any CPU.Build.0 = Debug|Any CPU
		{2D63BF5B-E0F4-0913-B76D-E1F4B11D20F3}.Release|Any CPU.ActiveCfg = Release|Any CPU
		{2D63BF5B-E0F4-0913-B76D-E1F4B11D20F3}.Release|Any CPU.Build.0 = Release|Any CPU
		{5CD66FE3-3AD0-AABE-27ED-07BF0C2777BC}.Debug|Any CPU.ActiveCfg = Debug|Any CPU
		{5CD66FE3-3AD0-AABE-27ED-07BF0C2777BC}.Debug|Any CPU.Build.0 = Debug|Any CPU
		{5CD66FE3-3AD0-AABE-27ED-07BF0C2777BC}.Release|Any CPU.ActiveCfg = Release|Any CPU
		{5CD66FE3-3AD0-AABE-27ED-07BF0C2777BC}.Release|Any CPU.Build.0 = Release|Any CPU
		{697F04FA-BD6E-C596-C346-92847CF1367C}.Debug|Any CPU.ActiveCfg = Debug|Any CPU
		{697F04FA-BD6E-C596-C346-92847CF1367C}.Debug|Any CPU.Build.0 = Debug|Any CPU
		{697F04FA-BD6E-C596-C346-92847CF1367C}.Release|Any CPU.ActiveCfg = Release|Any CPU
		{697F04FA-BD6E-C596-C346-92847CF1367C}.Release|Any CPU.Build.0 = Release|Any CPU
		{C6A17DCB-A376-1AB1-C95E-CB728BF63C9F}.Debug|Any CPU.ActiveCfg = Debug|Any CPU
		{C6A17DCB-A376-1AB1-C95E-CB728BF63C9F}.Debug|Any CPU.Build.0 = Debug|Any CPU
		{C6A17DCB-A376-1AB1-C95E-CB728BF63C9F}.Release|Any CPU.ActiveCfg = Release|Any CPU
		{C6A17DCB-A376-1AB1-C95E-CB728BF63C9F}.Release|Any CPU.Build.0 = Release|Any CPU
		{F39ABAC1-7B19-3CD0-17FF-E4DB670D8F14}.Debug|Any CPU.ActiveCfg = Debug|Any CPU
		{F39ABAC1-7B19-3CD0-17FF-E4DB670D8F14}.Debug|Any CPU.Build.0 = Debug|Any CPU
		{F39ABAC1-7B19-3CD0-17FF-E4DB670D8F14}.Release|Any CPU.ActiveCfg = Release|Any CPU
		{F39ABAC1-7B19-3CD0-17FF-E4DB670D8F14}.Release|Any CPU.Build.0 = Release|Any CPU
		{A6684517-353B-67FF-C206-B3E17536A502}.Debug|Any CPU.ActiveCfg = Debug|Any CPU
		{A6684517-353B-67FF-C206-B3E17536A502}.Debug|Any CPU.Build.0 = Debug|Any CPU
		{A6684517-353B-67FF-C206-B3E17536A502}.Release|Any CPU.ActiveCfg = Release|Any CPU
		{A6684517-353B-67FF-C206-B3E17536A502}.Release|Any CPU.Build.0 = Release|Any CPU
		{534157E7-7145-93A3-DCDB-00B3D1535768}.Debug|Any CPU.ActiveCfg = Debug|Any CPU
		{534157E7-7145-93A3-DCDB-00B3D1535768}.Debug|Any CPU.Build.0 = Debug|Any CPU
		{534157E7-7145-93A3-DCDB-00B3D1535768}.Release|Any CPU.ActiveCfg = Release|Any CPU
		{534157E7-7145-93A3-DCDB-00B3D1535768}.Release|Any CPU.Build.0 = Release|Any CPU
		{B594E08F-A667-56F2-E76D-EF6257490BEB}.Debug|Any CPU.ActiveCfg = Debug|Any CPU
		{B594E08F-A667-56F2-E76D-EF6257490BEB}.Debug|Any CPU.Build.0 = Debug|Any CPU
		{B594E08F-A667-56F2-E76D-EF6257490BEB}.Release|Any CPU.ActiveCfg = Release|Any CPU
		{B594E08F-A667-56F2-E76D-EF6257490BEB}.Release|Any CPU.Build.0 = Release|Any CPU
		{02BBB824-597D-EE37-18C9-F2D6F23EC0CB}.Debug|Any CPU.ActiveCfg = Debug|Any CPU
		{02BBB824-597D-EE37-18C9-F2D6F23EC0CB}.Debug|Any CPU.Build.0 = Debug|Any CPU
		{02BBB824-597D-EE37-18C9-F2D6F23EC0CB}.Release|Any CPU.ActiveCfg = Release|Any CPU
		{02BBB824-597D-EE37-18C9-F2D6F23EC0CB}.Release|Any CPU.Build.0 = Release|Any CPU
		{6B1F3AC0-7C61-F99F-02FB-28AFCEAB5E6B}.Debug|Any CPU.ActiveCfg = Debug|Any CPU
		{6B1F3AC0-7C61-F99F-02FB-28AFCEAB5E6B}.Debug|Any CPU.Build.0 = Debug|Any CPU
		{6B1F3AC0-7C61-F99F-02FB-28AFCEAB5E6B}.Release|Any CPU.ActiveCfg = Release|Any CPU
		{6B1F3AC0-7C61-F99F-02FB-28AFCEAB5E6B}.Release|Any CPU.Build.0 = Release|Any CPU
		{E0551015-FBC9-005E-D6A0-89A8923AE2E1}.Debug|Any CPU.ActiveCfg = Debug|Any CPU
		{E0551015-FBC9-005E-D6A0-89A8923AE2E1}.Debug|Any CPU.Build.0 = Debug|Any CPU
		{E0551015-FBC9-005E-D6A0-89A8923AE2E1}.Release|Any CPU.ActiveCfg = Release|Any CPU
		{E0551015-FBC9-005E-D6A0-89A8923AE2E1}.Release|Any CPU.Build.0 = Release|Any CPU
		{B368DBB0-211E-17E0-F16D-031E73874ECA}.Debug|Any CPU.ActiveCfg = Debug|Any CPU
		{B368DBB0-211E-17E0-F16D-031E73874ECA}.Debug|Any CPU.Build.0 = Debug|Any CPU
		{B368DBB0-211E-17E0-F16D-031E73874ECA}.Release|Any CPU.ActiveCfg = Release|Any CPU
		{B368DBB0-211E-17E0-F16D-031E73874ECA}.Release|Any CPU.Build.0 = Release|Any CPU
	EndGlobalSection
	GlobalSection(SolutionProperties) = preSolution
		HideSolutionNode = FALSE
	EndGlobalSection
EndGlobal
